
Microsoft Visual Studio Solution File, Format Version 12.00
# Visual Studio 15
VisualStudioVersion = 15.0.27428.2005
MinimumVisualStudioVersion = 10.0.40219.1
Project("{FAE04EC0-301F-11D3-BF4B-00C04F79EFBC}") = "Netmo2", "Netmo2\Netmo2.csproj", "{E8102784-EA43-41E0-A74D-282A47DC5FDB}"
EndProject
Global
	GlobalSection(SolutionConfigurationPlatforms) = preSolution
		Debug|ARM = Debug|ARM
		Debug|x64 = Debug|x64
		Debug|x86 = Debug|x86
		Release|ARM = Release|ARM
		Release|x64 = Release|x64
		Release|x86 = Release|x86
	EndGlobalSection
	GlobalSection(ProjectConfigurationPlatforms) = postSolution
		{E8102784-EA43-41E0-A74D-282A47DC5FDB}.Debug|ARM.ActiveCfg = Debug|ARM
		{E8102784-EA43-41E0-A74D-282A47DC5FDB}.Debug|ARM.Build.0 = Debug|ARM
		{E8102784-EA43-41E0-A74D-282A47DC5FDB}.Debug|ARM.Deploy.0 = Debug|ARM
		{E8102784-EA43-41E0-A74D-282A47DC5FDB}.Debug|x64.ActiveCfg = Debug|x64
		{E8102784-EA43-41E0-A74D-282A47DC5FDB}.Debug|x64.Build.0 = Debug|x64
		{E8102784-EA43-41E0-A74D-282A47DC5FDB}.Debug|x64.Deploy.0 = Debug|x64
		{E8102784-EA43-41E0-A74D-282A47DC5FDB}.Debug|x86.ActiveCfg = Debug|x86
		{E8102784-EA43-41E0-A74D-282A47DC5FDB}.Debug|x86.Build.0 = Debug|x86
		{E8102784-EA43-41E0-A74D-282A47DC5FDB}.Debug|x86.Deploy.0 = Debug|x86
		{E8102784-EA43-41E0-A74D-282A47DC5FDB}.Release|ARM.ActiveCfg = Release|ARM
		{E8102784-EA43-41E0-A74D-282A47DC5FDB}.Release|ARM.Build.0 = Release|ARM
		{E8102784-EA43-41E0-A74D-282A47DC5FDB}.Release|ARM.Deploy.0 = Release|ARM
		{E8102784-EA43-41E0-A74D-282A47DC5FDB}.Release|x64.ActiveCfg = Release|x64
		{E8102784-EA43-41E0-A74D-282A47DC5FDB}.Release|x64.Build.0 = Release|x64
		{E8102784-EA43-41E0-A74D-282A47DC5FDB}.Release|x64.Deploy.0 = Release|x64
		{E8102784-EA43-41E0-A74D-282A47DC5FDB}.Release|x86.ActiveCfg = Release|x86
		{E8102784-EA43-41E0-A74D-282A47DC5FDB}.Release|x86.Build.0 = Release|x86
		{E8102784-EA43-41E0-A74D-282A47DC5FDB}.Release|x86.Deploy.0 = Release|x86
	EndGlobalSection
	GlobalSection(SolutionProperties) = preSolution
		HideSolutionNode = FALSE
	EndGlobalSection
	GlobalSection(ExtensibilityGlobals) = postSolution
		SolutionGuid = {BE080003-A62A-4796-919B-4931A395FC1C}
	EndGlobalSection
EndGlobal
